
Microsoft Visual Studio Solution File, Format Version 12.00
# Visual Studio Version 17
VisualStudioVersion = 17.14.36408.4 d17.14
MinimumVisualStudioVersion = 10.0.40219.1
Project("{FAE04EC0-301F-11D3-BF4B-00C04F79EFBC}") = "Repair-Shop-App-Api", "Repair-Shop-App-Api\Repair-Shop-App-Api.csproj", "{B4995707-0EB2-4AF9-9296-E2E4D1DB5311}"
EndProject
Global
	GlobalSection(SolutionConfigurationPlatforms) = preSolution
		Debug|Any CPU = Debug|Any CPU
		Release|Any CPU = Release|Any CPU
	EndGlobalSection
	GlobalSection(ProjectConfigurationPlatforms) = postSolution
		{B4995707-0EB2-4AF9-9296-E2E4D1DB5311}.Debug|Any CPU.ActiveCfg = Debug|Any CPU
		{B4995707-0EB2-4AF9-9296-E2E4D1DB5311}.Debug|Any CPU.Build.0 = Debug|Any CPU
		{B4995707-0EB2-4AF9-9296-E2E4D1DB5311}.Release|Any CPU.ActiveCfg = Release|Any CPU
		{B4995707-0EB2-4AF9-9296-E2E4D1DB5311}.Release|Any CPU.Build.0 = Release|Any CPU
	EndGlobalSection
	GlobalSection(SolutionProperties) = preSolution
		HideSolutionNode = FALSE
	EndGlobalSection
	GlobalSection(ExtensibilityGlobals) = postSolution
		SolutionGuid = {04263545-A945-428F-94B9-E118B1DDEFA8}
	EndGlobalSection
EndGlobal
